
Microsoft Visual Studio Solution File, Format Version 12.00
# Visual Studio 15
Project("{FAE04EC0-301F-11D3-BF4B-00C04F79EFBC}") = "Assembly-CSharp", "Assembly-CSharp.csproj", "{37C198DA-215D-F4DF-536C-6F3D5F593F8E}"
EndProject
Global
	GlobalSection(SolutionConfigurationPlatforms) = preSolution
		Debug|Any CPU = Debug|Any CPU
		Release|Any CPU = Release|Any CPU
	EndGlobalSection
	GlobalSection(ProjectConfigurationPlatforms) = postSolution
		{37C198DA-215D-F4DF-536C-6F3D5F593F8E}.Debug|Any CPU.ActiveCfg = Debug|Any CPU
		{37C198DA-215D-F4DF-536C-6F3D5F593F8E}.Debug|Any CPU.Build.0 = Debug|Any CPU
		{37C198DA-215D-F4DF-536C-6F3D5F593F8E}.Release|Any CPU.ActiveCfg = Release|Any CPU
		{37C198DA-215D-F4DF-536C-6F3D5F593F8E}.Release|Any CPU.Build.0 = Release|Any CPU
	EndGlobalSection
	GlobalSection(SolutionProperties) = preSolution
		HideSolutionNode = FALSE
	EndGlobalSection
EndGlobal
